
Microsoft Visual Studio Solution File, Format Version 12.00
# Visual Studio 2013
VisualStudioVersion = 12.0.30501.0
MinimumVisualStudioVersion = 10.0.40219.1
Project("{2150E333-8FDC-42A3-9474-1A3956D46DE8}") = "DragAndDropTest", "DragAndDropTest", "{8DFFB01A-AB6E-4480-B7EA-C6268BBE78E6}"
EndProject
Project("{D954291E-2A0B-460D-934E-DC6B0785DB48}") = "DragAndDropTest.Shared", "DragAndDropTest\DragAndDropTest.Shared\DragAndDropTest.Shared.shproj", "{83FD68DB-4F18-431D-9727-47CA15FB9FA6}"
EndProject
Project("{FAE04EC0-301F-11D3-BF4B-00C04F79EFBC}") = "DragAndDropTest.Windows", "DragAndDropTest\DragAndDropTest.Windows\DragAndDropTest.Windows.csproj", "{1FD94305-0A1F-4FD5-B768-EE6E35690495}"
EndProject
Project("{FAE04EC0-301F-11D3-BF4B-00C04F79EFBC}") = "DragAndDropTest.WindowsPhone", "DragAndDropTest\DragAndDropTest.WindowsPhone\DragAndDropTest.WindowsPhone.csproj", "{28EC8BE7-C7BC-407E-B0D7-654F9D33CD00}"
EndProject
Global
	GlobalSection(SharedMSBuildProjectFiles) = preSolution
		DragAndDropTest\DragAndDropTest.Shared\DragAndDropTest.Shared.projitems*{28ec8be7-c7bc-407e-b0d7-654f9d33cd00}*SharedItemsImports = 4
		DragAndDropTest\DragAndDropTest.Shared\DragAndDropTest.Shared.projitems*{83fd68db-4f18-431d-9727-47ca15fb9fa6}*SharedItemsImports = 13
		DragAndDropTest\DragAndDropTest.Shared\DragAndDropTest.Shared.projitems*{1fd94305-0a1f-4fd5-b768-ee6e35690495}*SharedItemsImports = 4
	EndGlobalSection
	GlobalSection(SolutionConfigurationPlatforms) = preSolution
		Debug|Any CPU = Debug|Any CPU
		Debug|ARM = Debug|ARM
		Debug|x64 = Debug|x64
		Debug|x86 = Debug|x86
		Release|Any CPU = Release|Any CPU
		Release|ARM = Release|ARM
		Release|x64 = Release|x64
		Release|x86 = Release|x86
	EndGlobalSection
	GlobalSection(ProjectConfigurationPlatforms) = postSolution
		{1FD94305-0A1F-4FD5-B768-EE6E35690495}.Debug|Any CPU.ActiveCfg = Debug|Any CPU
		{1FD94305-0A1F-4FD5-B768-EE6E35690495}.Debug|Any CPU.Build.0 = Debug|Any CPU
		{1FD94305-0A1F-4FD5-B768-EE6E35690495}.Debug|Any CPU.Deploy.0 = Debug|Any CPU
		{1FD94305-0A1F-4FD5-B768-EE6E35690495}.Debug|ARM.ActiveCfg = Debug|ARM
		{1FD94305-0A1F-4FD5-B768-EE6E35690495}.Debug|ARM.Build.0 = Debug|ARM
		{1FD94305-0A1F-4FD5-B768-EE6E35690495}.Debug|ARM.Deploy.0 = Debug|ARM
		{1FD94305-0A1F-4FD5-B768-EE6E35690495}.Debug|x64.ActiveCfg = Debug|x64
		{1FD94305-0A1F-4FD5-B768-EE6E35690495}.Debug|x64.Build.0 = Debug|x64
		{1FD94305-0A1F-4FD5-B768-EE6E35690495}.Debug|x64.Deploy.0 = Debug|x64
		{1FD94305-0A1F-4FD5-B768-EE6E35690495}.Debug|x86.ActiveCfg = Debug|x86
		{1FD94305-0A1F-4FD5-B768-EE6E35690495}.Debug|x86.Build.0 = Debug|x86
		{1FD94305-0A1F-4FD5-B768-EE6E35690495}.Debug|x86.Deploy.0 = Debug|x86
		{1FD94305-0A1F-4FD5-B768-EE6E35690495}.Release|Any CPU.ActiveCfg = Release|Any CPU
		{1FD94305-0A1F-4FD5-B768-EE6E35690495}.Release|Any CPU.Build.0 = Release|Any CPU
		{1FD94305-0A1F-4FD5-B768-EE6E35690495}.Release|Any CPU.Deploy.0 = Release|Any CPU
		{1FD94305-0A1F-4FD5-B768-EE6E35690495}.Release|ARM.ActiveCfg = Release|ARM
		{1FD94305-0A1F-4FD5-B768-EE6E35690495}.Release|ARM.Build.0 = Release|ARM
		{1FD94305-0A1F-4FD5-B768-EE6E35690495}.Release|ARM.Deploy.0 = Release|ARM
		{1FD94305-0A1F-4FD5-B768-EE6E35690495}.Release|x64.ActiveCfg = Release|x64
		{1FD94305-0A1F-4FD5-B768-EE6E35690495}.Release|x64.Build.0 = Release|x64
		{1FD94305-0A1F-4FD5-B768-EE6E35690495}.Release|x64.Deploy.0 = Release|x64
		{1FD94305-0A1F-4FD5-B768-EE6E35690495}.Release|x86.ActiveCfg = Release|x86
		{1FD94305-0A1F-4FD5-B768-EE6E35690495}.Release|x86.Build.0 = Release|x86
		{1FD94305-0A1F-4FD5-B768-EE6E35690495}.Release|x86.Deploy.0 = Release|x86
		{28EC8BE7-C7BC-407E-B0D7-654F9D33CD00}.Debug|Any CPU.ActiveCfg = Debug|Any CPU
		{28EC8BE7-C7BC-407E-B0D7-654F9D33CD00}.Debug|Any CPU.Build.0 = Debug|Any CPU
		{28EC8BE7-C7BC-407E-B0D7-654F9D33CD00}.Debug|Any CPU.Deploy.0 = Debug|Any CPU
		{28EC8BE7-C7BC-407E-B0D7-654F9D33CD00}.Debug|ARM.ActiveCfg = Debug|ARM
		{28EC8BE7-C7BC-407E-B0D7-654F9D33CD00}.Debug|ARM.Build.0 = Debug|ARM
		{28EC8BE7-C7BC-407E-B0D7-654F9D33CD00}.Debug|ARM.Deploy.0 = Debug|ARM
		{28EC8BE7-C7BC-407E-B0D7-654F9D33CD00}.Debug|x64.ActiveCfg = Debug|Any CPU
		{28EC8BE7-C7BC-407E-B0D7-654F9D33CD00}.Debug|x86.ActiveCfg = Debug|x86
		{28EC8BE7-C7BC-407E-B0D7-654F9D33CD00}.Debug|x86.Build.0 = Debug|x86
		{28EC8BE7-C7BC-407E-B0D7-654F9D33CD00}.Debug|x86.Deploy.0 = Debug|x86
		{28EC8BE7-C7BC-407E-B0D7-654F9D33CD00}.Release|Any CPU.ActiveCfg = Release|Any CPU
		{28EC8BE7-C7BC-407E-B0D7-654F9D33CD00}.Release|Any CPU.Build.0 = Release|Any CPU
		{28EC8BE7-C7BC-407E-B0D7-654F9D33CD00}.Release|Any CPU.Deploy.0 = Release|Any CPU
		{28EC8BE7-C7BC-407E-B0D7-654F9D33CD00}.Release|ARM.ActiveCfg = Release|ARM
		{28EC8BE7-C7BC-407E-B0D7-654F9D33CD00}.Release|ARM.Build.0 = Release|ARM
		{28EC8BE7-C7BC-407E-B0D7-654F9D33CD00}.Release|ARM.Deploy.0 = Release|ARM
		{28EC8BE7-C7BC-407E-B0D7-654F9D33CD00}.Release|x64.ActiveCfg = Release|Any CPU
		{28EC8BE7-C7BC-407E-B0D7-654F9D33CD00}.Release|x86.ActiveCfg = Release|x86
		{28EC8BE7-C7BC-407E-B0D7-654F9D33CD00}.Release|x86.Build.0 = Release|x86
		{28EC8BE7-C7BC-407E-B0D7-654F9D33CD00}.Release|x86.Deploy.0 = Release|x86
	EndGlobalSection
	GlobalSection(SolutionProperties) = preSolution
		HideSolutionNode = FALSE
	EndGlobalSection
	GlobalSection(NestedProjects) = preSolution
		{83FD68DB-4F18-431D-9727-47CA15FB9FA6} = {8DFFB01A-AB6E-4480-B7EA-C6268BBE78E6}
		{1FD94305-0A1F-4FD5-B768-EE6E35690495} = {8DFFB01A-AB6E-4480-B7EA-C6268BBE78E6}
		{28EC8BE7-C7BC-407E-B0D7-654F9D33CD00} = {8DFFB01A-AB6E-4480-B7EA-C6268BBE78E6}
	EndGlobalSection
EndGlobal
